
Microsoft Visual Studio Solution File, Format Version 12.00
# Visual Studio Version 16
VisualStudioVersion = 16.0.29201.188
MinimumVisualStudioVersion = 10.0.40219.1
Project("{FAE04EC0-301F-11D3-BF4B-00C04F79EFBC}") = "VandyHacksWebApp", "VandyHacksWebApp\VandyHacksWebApp.csproj", "{131F06BC-BF6A-4FDC-BFC3-FF574F689806}"
EndProject
Global
	GlobalSection(SolutionConfigurationPlatforms) = preSolution
		Debug|Any CPU = Debug|Any CPU
		Release|Any CPU = Release|Any CPU
	EndGlobalSection
	GlobalSection(ProjectConfigurationPlatforms) = postSolution
		{131F06BC-BF6A-4FDC-BFC3-FF574F689806}.Debug|Any CPU.ActiveCfg = Debug|Any CPU
		{131F06BC-BF6A-4FDC-BFC3-FF574F689806}.Debug|Any CPU.Build.0 = Debug|Any CPU
		{131F06BC-BF6A-4FDC-BFC3-FF574F689806}.Release|Any CPU.ActiveCfg = Release|Any CPU
		{131F06BC-BF6A-4FDC-BFC3-FF574F689806}.Release|Any CPU.Build.0 = Release|Any CPU
	EndGlobalSection
	GlobalSection(SolutionProperties) = preSolution
		HideSolutionNode = FALSE
	EndGlobalSection
	GlobalSection(ExtensibilityGlobals) = postSolution
		SolutionGuid = {352F1579-640D-401E-897C-7EB5B5FCAD2D}
	EndGlobalSection
EndGlobal
